
Microsoft Visual Studio Solution File, Format Version 12.00
Project("{FAE04EC0-301F-11D3-BF4B-00C04F79EFBC}") = "ATM", "ATM\ATM.csproj", "{B602C13B-566B-4393-87ED-83F354883197}"
EndProject
Project("{FAE04EC0-301F-11D3-BF4B-00C04F79EFBC}") = "ATM.Services", "ATM.Services\ATM.Services.csproj", "{20D0DC11-B7D8-4561-AABC-29C483F56986}"
EndProject
Project("{FAE04EC0-301F-11D3-BF4B-00C04F79EFBC}") = "ATM.Interfaces", "ATM.Interfaces\ATM.Interfaces.csproj", "{E6D63E58-AEBA-4E12-8A8D-90619EEE148A}"
EndProject
Project("{FAE04EC0-301F-11D3-BF4B-00C04F79EFBC}") = "ATM.UnitTests", "ATM.UnitTests\ATM.UnitTests.csproj", "{FB0F0773-1236-4D8C-9E15-E0985D001910}"
EndProject
Project("{FAE04EC0-301F-11D3-BF4B-00C04F79EFBC}") = "ATM.Models", "ATM.Models\ATM.Models.csproj", "{B2A24549-64AD-4045-A9F0-52E8C2B04503}"
EndProject
Global
	GlobalSection(SolutionConfigurationPlatforms) = preSolution
		Debug|Any CPU = Debug|Any CPU
		Release|Any CPU = Release|Any CPU
	EndGlobalSection
	GlobalSection(ProjectConfigurationPlatforms) = postSolution
		{B602C13B-566B-4393-87ED-83F354883197}.Debug|Any CPU.ActiveCfg = Debug|Any CPU
		{B602C13B-566B-4393-87ED-83F354883197}.Debug|Any CPU.Build.0 = Debug|Any CPU
		{B602C13B-566B-4393-87ED-83F354883197}.Release|Any CPU.ActiveCfg = Release|Any CPU
		{B602C13B-566B-4393-87ED-83F354883197}.Release|Any CPU.Build.0 = Release|Any CPU
		{20D0DC11-B7D8-4561-AABC-29C483F56986}.Debug|Any CPU.ActiveCfg = Debug|Any CPU
		{20D0DC11-B7D8-4561-AABC-29C483F56986}.Debug|Any CPU.Build.0 = Debug|Any CPU
		{20D0DC11-B7D8-4561-AABC-29C483F56986}.Release|Any CPU.ActiveCfg = Release|Any CPU
		{20D0DC11-B7D8-4561-AABC-29C483F56986}.Release|Any CPU.Build.0 = Release|Any CPU
		{E6D63E58-AEBA-4E12-8A8D-90619EEE148A}.Debug|Any CPU.ActiveCfg = Debug|Any CPU
		{E6D63E58-AEBA-4E12-8A8D-90619EEE148A}.Debug|Any CPU.Build.0 = Debug|Any CPU
		{E6D63E58-AEBA-4E12-8A8D-90619EEE148A}.Release|Any CPU.ActiveCfg = Release|Any CPU
		{E6D63E58-AEBA-4E12-8A8D-90619EEE148A}.Release|Any CPU.Build.0 = Release|Any CPU
		{FB0F0773-1236-4D8C-9E15-E0985D001910}.Debug|Any CPU.ActiveCfg = Debug|Any CPU
		{FB0F0773-1236-4D8C-9E15-E0985D001910}.Debug|Any CPU.Build.0 = Debug|Any CPU
		{FB0F0773-1236-4D8C-9E15-E0985D001910}.Release|Any CPU.ActiveCfg = Release|Any CPU
		{FB0F0773-1236-4D8C-9E15-E0985D001910}.Release|Any CPU.Build.0 = Release|Any CPU
		{B2A24549-64AD-4045-A9F0-52E8C2B04503}.Debug|Any CPU.ActiveCfg = Debug|Any CPU
		{B2A24549-64AD-4045-A9F0-52E8C2B04503}.Debug|Any CPU.Build.0 = Debug|Any CPU
		{B2A24549-64AD-4045-A9F0-52E8C2B04503}.Release|Any CPU.ActiveCfg = Release|Any CPU
		{B2A24549-64AD-4045-A9F0-52E8C2B04503}.Release|Any CPU.Build.0 = Release|Any CPU
	EndGlobalSection
EndGlobal
